
Microsoft Visual Studio Solution File, Format Version 12.00
# Visual Studio Version 16
VisualStudioVersion = 16.0.32929.386
MinimumVisualStudioVersion = 10.0.40219.1
Project("{FAE04EC0-301F-11D3-BF4B-00C04F79EFBC}") = "WeatherApp.Android", "WeatherApp\WeatherApp.Android\WeatherApp.Android.csproj", "{AE8D921E-A0F6-4B2B-A539-03E332EB9E8F}"
EndProject
Project("{9A19103F-16F7-4668-BE54-9A1E7A4F7556}") = "WeatherApp", "WeatherApp\WeatherApp\WeatherApp.csproj", "{295530C0-C8C2-4B5D-A66A-90A3711DDFA5}"
EndProject
Global
	GlobalSection(SolutionConfigurationPlatforms) = preSolution
		Debug|Any CPU = Debug|Any CPU
		Debug|iPhone = Debug|iPhone
		Debug|iPhoneSimulator = Debug|iPhoneSimulator
		Release|Any CPU = Release|Any CPU
		Release|iPhone = Release|iPhone
		Release|iPhoneSimulator = Release|iPhoneSimulator
	EndGlobalSection
	GlobalSection(ProjectConfigurationPlatforms) = postSolution
		{AE8D921E-A0F6-4B2B-A539-03E332EB9E8F}.Debug|Any CPU.ActiveCfg = Debug|Any CPU
		{AE8D921E-A0F6-4B2B-A539-03E332EB9E8F}.Debug|Any CPU.Build.0 = Debug|Any CPU
		{AE8D921E-A0F6-4B2B-A539-03E332EB9E8F}.Debug|Any CPU.Deploy.0 = Debug|Any CPU
		{AE8D921E-A0F6-4B2B-A539-03E332EB9E8F}.Debug|iPhone.ActiveCfg = Debug|Any CPU
		{AE8D921E-A0F6-4B2B-A539-03E332EB9E8F}.Debug|iPhone.Build.0 = Debug|Any CPU
		{AE8D921E-A0F6-4B2B-A539-03E332EB9E8F}.Debug|iPhone.Deploy.0 = Debug|Any CPU
		{AE8D921E-A0F6-4B2B-A539-03E332EB9E8F}.Debug|iPhoneSimulator.ActiveCfg = Debug|Any CPU
		{AE8D921E-A0F6-4B2B-A539-03E332EB9E8F}.Debug|iPhoneSimulator.Build.0 = Debug|Any CPU
		{AE8D921E-A0F6-4B2B-A539-03E332EB9E8F}.Debug|iPhoneSimulator.Deploy.0 = Debug|Any CPU
		{AE8D921E-A0F6-4B2B-A539-03E332EB9E8F}.Release|Any CPU.ActiveCfg = Release|Any CPU
		{AE8D921E-A0F6-4B2B-A539-03E332EB9E8F}.Release|Any CPU.Build.0 = Release|Any CPU
		{AE8D921E-A0F6-4B2B-A539-03E332EB9E8F}.Release|Any CPU.Deploy.0 = Release|Any CPU
		{AE8D921E-A0F6-4B2B-A539-03E332EB9E8F}.Release|iPhone.ActiveCfg = Release|Any CPU
		{AE8D921E-A0F6-4B2B-A539-03E332EB9E8F}.Release|iPhone.Build.0 = Release|Any CPU
		{AE8D921E-A0F6-4B2B-A539-03E332EB9E8F}.Release|iPhone.Deploy.0 = Release|Any CPU
		{AE8D921E-A0F6-4B2B-A539-03E332EB9E8F}.Release|iPhoneSimulator.ActiveCfg = Release|Any CPU
		{AE8D921E-A0F6-4B2B-A539-03E332EB9E8F}.Release|iPhoneSimulator.Build.0 = Release|Any CPU
		{AE8D921E-A0F6-4B2B-A539-03E332EB9E8F}.Release|iPhoneSimulator.Deploy.0 = Release|Any CPU
		{295530C0-C8C2-4B5D-A66A-90A3711DDFA5}.Debug|Any CPU.ActiveCfg = Debug|Any CPU
		{295530C0-C8C2-4B5D-A66A-90A3711DDFA5}.Debug|Any CPU.Build.0 = Debug|Any CPU
		{295530C0-C8C2-4B5D-A66A-90A3711DDFA5}.Debug|Any CPU.Deploy.0 = Debug|Any CPU
		{295530C0-C8C2-4B5D-A66A-90A3711DDFA5}.Debug|iPhone.ActiveCfg = Debug|Any CPU
		{295530C0-C8C2-4B5D-A66A-90A3711DDFA5}.Debug|iPhone.Build.0 = Debug|Any CPU
		{295530C0-C8C2-4B5D-A66A-90A3711DDFA5}.Debug|iPhone.Deploy.0 = Debug|Any CPU
		{295530C0-C8C2-4B5D-A66A-90A3711DDFA5}.Debug|iPhoneSimulator.ActiveCfg = Debug|Any CPU
		{295530C0-C8C2-4B5D-A66A-90A3711DDFA5}.Debug|iPhoneSimulator.Build.0 = Debug|Any CPU
		{295530C0-C8C2-4B5D-A66A-90A3711DDFA5}.Debug|iPhoneSimulator.Deploy.0 = Debug|Any CPU
		{295530C0-C8C2-4B5D-A66A-90A3711DDFA5}.Release|Any CPU.ActiveCfg = Release|Any CPU
		{295530C0-C8C2-4B5D-A66A-90A3711DDFA5}.Release|Any CPU.Build.0 = Release|Any CPU
		{295530C0-C8C2-4B5D-A66A-90A3711DDFA5}.Release|Any CPU.Deploy.0 = Release|Any CPU
		{295530C0-C8C2-4B5D-A66A-90A3711DDFA5}.Release|iPhone.ActiveCfg = Release|Any CPU
		{295530C0-C8C2-4B5D-A66A-90A3711DDFA5}.Release|iPhone.Build.0 = Release|Any CPU
		{295530C0-C8C2-4B5D-A66A-90A3711DDFA5}.Release|iPhone.Deploy.0 = Release|Any CPU
		{295530C0-C8C2-4B5D-A66A-90A3711DDFA5}.Release|iPhoneSimulator.ActiveCfg = Release|Any CPU
		{295530C0-C8C2-4B5D-A66A-90A3711DDFA5}.Release|iPhoneSimulator.Build.0 = Release|Any CPU
		{295530C0-C8C2-4B5D-A66A-90A3711DDFA5}.Release|iPhoneSimulator.Deploy.0 = Release|Any CPU
	EndGlobalSection
	GlobalSection(SolutionProperties) = preSolution
		HideSolutionNode = FALSE
	EndGlobalSection
	GlobalSection(ExtensibilityGlobals) = postSolution
		SolutionGuid = {FB32FF99-0DC6-41C7-AA1E-37A6241D6352}
	EndGlobalSection
EndGlobal
